{
  "object": {
    "pins": [
      {
        "package": "SatelliteKit",
        "repositoryURL": "https://github.com/gavineadie/SatelliteKit.git",
        "state": {
          "branch": null,
          "revision": "7eb8712ef803334199bdcc1ee55eab09ae81a41e",
          "version": "1.0.2"
        }
      }
    ]
  },
  "version": 1
}
