{
  "object": {
    "pins": [
      {
        "package": "AppExtras",
        "repositoryURL": "/Users/gavin/Development/AppExtras",
        "state": {
          "branch": "master",
          "revision": "105bcac207281a49d0e50d4b9ab5a119e29a389e",
          "version": null
        }
      },
      {
        "package": "SatelliteKit",
        "repositoryURL": "https://github.com/gavineadie/SatelliteKit.git",
        "state": {
          "branch": null,
          "revision": "340a578591e2f1af7ef5a58bd2eba947b96f022c",
          "version": "1.0.16"
        }
      }
    ]
  },
  "version": 1
}
