// !$*UTF8*$!
{
	archiveVersion = 1;
	classes = {
	};
	objectVersion = 46;
	objects = {

/* Begin PBXBuildFile section */
		8627F4961BCC7E8D0036AA0D /* globe.vector in Resources */ = {isa = PBXBuildFile; fileRef = 8627F4951BCC7E8D0036AA0D /* globe.vector */; };
		8653382D1C758BBC000A0AEB /* coast.vector in Resources */ = {isa = PBXBuildFile; fileRef = 8653382C1C758BBC000A0AEB /* coast.vector */; };
		8662FB121BB5FB1C004D8CB8 /* Geometries.swift in Sources */ = {isa = PBXBuildFile; fileRef = 8662FB111BB5FB1C004D8CB8 /* Geometries.swift */; };
		868751CE1BB5D57200939585 /* AppDelegate.swift in Sources */ = {isa = PBXBuildFile; fileRef = 868751CD1BB5D57200939585 /* AppDelegate.swift */; };
		868751D01BB5D57200939585 /* ViewController.swift in Sources */ = {isa = PBXBuildFile; fileRef = 868751CF1BB5D57200939585 /* ViewController.swift */; };
		868751D21BB5D57200939585 /* Assets.xcassets in Resources */ = {isa = PBXBuildFile; fileRef = 868751D11BB5D57200939585 /* Assets.xcassets */; };
		868751D51BB5D57200939585 /* Main.storyboard in Resources */ = {isa = PBXBuildFile; fileRef = 868751D31BB5D57200939585 /* Main.storyboard */; };
/* End PBXBuildFile section */

/* Begin PBXFileReference section */
		8627F4951BCC7E8D0036AA0D /* globe.vector */ = {isa = PBXFileReference; lastKnownFileType = file; path = globe.vector; sourceTree = "<group>"; };
		8653382C1C758BBC000A0AEB /* coast.vector */ = {isa = PBXFileReference; lastKnownFileType = file; path = coast.vector; sourceTree = "<group>"; };
		8662FB111BB5FB1C004D8CB8 /* Geometries.swift */ = {isa = PBXFileReference; fileEncoding = 4; lastKnownFileType = sourcecode.swift; path = Geometries.swift; sourceTree = "<group>"; };
		868751CA1BB5D57200939585 /* Geometries.app */ = {isa = PBXFileReference; explicitFileType = wrapper.application; includeInIndex = 0; path = Geometries.app; sourceTree = BUILT_PRODUCTS_DIR; };
		868751CD1BB5D57200939585 /* AppDelegate.swift */ = {isa = PBXFileReference; lastKnownFileType = sourcecode.swift; path = AppDelegate.swift; sourceTree = "<group>"; };
		868751CF1BB5D57200939585 /* ViewController.swift */ = {isa = PBXFileReference; lastKnownFileType = sourcecode.swift; path = ViewController.swift; sourceTree = "<group>"; };
		868751D11BB5D57200939585 /* Assets.xcassets */ = {isa = PBXFileReference; lastKnownFileType = folder.assetcatalog; path = Assets.xcassets; sourceTree = "<group>"; };
		868751D41BB5D57200939585 /* Base */ = {isa = PBXFileReference; lastKnownFileType = file.storyboard; name = Base; path = Base.lproj/Main.storyboard; sourceTree = "<group>"; };
		868751D61BB5D57200939585 /* Info.plist */ = {isa = PBXFileReference; lastKnownFileType = text.plist.xml; path = Info.plist; sourceTree = "<group>"; };
/* End PBXFileReference section */

/* Begin PBXFrameworksBuildPhase section */
		868751C71BB5D57200939585 /* Frameworks */ = {
			isa = PBXFrameworksBuildPhase;
			buildActionMask = 2147483647;
			files = (
			);
			runOnlyForDeploymentPostprocessing = 0;
		};
/* End PBXFrameworksBuildPhase section */

/* Begin PBXGroup section */
		860341261BB98C7B002DAB73 /* Assets */ = {
			isa = PBXGroup;
			children = (
				8653382C1C758BBC000A0AEB /* coast.vector */,
				8627F4951BCC7E8D0036AA0D /* globe.vector */,
			);
			name = Assets;
			sourceTree = "<group>";
		};
		868751C11BB5D57200939585 = {
			isa = PBXGroup;
			children = (
				868751CC1BB5D57200939585 /* Geometries */,
				868751CB1BB5D57200939585 /* Products */,
			);
			sourceTree = "<group>";
		};
		868751CB1BB5D57200939585 /* Products */ = {
			isa = PBXGroup;
			children = (
				868751CA1BB5D57200939585 /* Geometries.app */,
			);
			name = Products;
			sourceTree = "<group>";
		};
		868751CC1BB5D57200939585 /* Geometries */ = {
			isa = PBXGroup;
			children = (
				868751CD1BB5D57200939585 /* AppDelegate.swift */,
				868751CF1BB5D57200939585 /* ViewController.swift */,
				8662FB111BB5FB1C004D8CB8 /* Geometries.swift */,
				860341261BB98C7B002DAB73 /* Assets */,
				868751D11BB5D57200939585 /* Assets.xcassets */,
				868751D31BB5D57200939585 /* Main.storyboard */,
				868751D61BB5D57200939585 /* Info.plist */,
			);
			path = Geometries;
			sourceTree = "<group>";
		};
/* End PBXGroup section */

/* Begin PBXNativeTarget section */
		868751C91BB5D57200939585 /* Geometries */ = {
			isa = PBXNativeTarget;
			buildConfigurationList = 868751D91BB5D57200939585 /* Build configuration list for PBXNativeTarget "Geometries" */;
			buildPhases = (
				868751C61BB5D57200939585 /* Sources */,
				868751C71BB5D57200939585 /* Frameworks */,
				868751C81BB5D57200939585 /* Resources */,
			);
			buildRules = (
			);
			dependencies = (
			);
			name = Geometries;
			productName = Geometries;
			productReference = 868751CA1BB5D57200939585 /* Geometries.app */;
			productType = "com.apple.product-type.application";
		};
/* End PBXNativeTarget section */

/* Begin PBXProject section */
		868751C21BB5D57200939585 /* Project object */ = {
			isa = PBXProject;
			attributes = {
				LastUpgradeCheck = 0700;
				ORGANIZATIONNAME = "Gavin Eadie";
				TargetAttributes = {
					868751C91BB5D57200939585 = {
						CreatedOnToolsVersion = 7.0;
					};
				};
			};
			buildConfigurationList = 868751C51BB5D57200939585 /* Build configuration list for PBXProject "Geometries" */;
			compatibilityVersion = "Xcode 3.2";
			developmentRegion = English;
			hasScannedForEncodings = 0;
			knownRegions = (
				en,
				Base,
			);
			mainGroup = 868751C11BB5D57200939585;
			productRefGroup = 868751CB1BB5D57200939585 /* Products */;
			projectDirPath = "";
			projectRoot = "";
			targets = (
				868751C91BB5D57200939585 /* Geometries */,
			);
		};
/* End PBXProject section */

/* Begin PBXResourcesBuildPhase section */
		868751C81BB5D57200939585 /* Resources */ = {
			isa = PBXResourcesBuildPhase;
			buildActionMask = 2147483647;
			files = (
				8653382D1C758BBC000A0AEB /* coast.vector in Resources */,
				868751D21BB5D57200939585 /* Assets.xcassets in Resources */,
				8627F4961BCC7E8D0036AA0D /* globe.vector in Resources */,
				868751D51BB5D57200939585 /* Main.storyboard in Resources */,
			);
			runOnlyForDeploymentPostprocessing = 0;
		};
/* End PBXResourcesBuildPhase section */

/* Begin PBXSourcesBuildPhase section */
		868751C61BB5D57200939585 /* Sources */ = {
			isa = PBXSourcesBuildPhase;
			buildActionMask = 2147483647;
			files = (
				868751D01BB5D57200939585 /* ViewController.swift in Sources */,
				868751CE1BB5D57200939585 /* AppDelegate.swift in Sources */,
				8662FB121BB5FB1C004D8CB8 /* Geometries.swift in Sources */,
			);
			runOnlyForDeploymentPostprocessing = 0;
		};
/* End PBXSourcesBuildPhase section */

/* Begin PBXVariantGroup section */
		868751D31BB5D57200939585 /* Main.storyboard */ = {
			isa = PBXVariantGroup;
			children = (
				868751D41BB5D57200939585 /* Base */,
			);
			name = Main.storyboard;
			sourceTree = "<group>";
		};
/* End PBXVariantGroup section */

/* Begin XCBuildConfiguration section */
		868751D71BB5D57200939585 /* Debug */ = {
			isa = XCBuildConfiguration;
			buildSettings = {
				ALWAYS_SEARCH_USER_PATHS = NO;
				CLANG_CXX_LANGUAGE_STANDARD = "gnu++0x";
				CLANG_CXX_LIBRARY = "libc++";
				CLANG_ENABLE_MODULES = YES;
				CLANG_ENABLE_OBJC_ARC = YES;
				CLANG_WARN_BOOL_CONVERSION = YES;
				CLANG_WARN_CONSTANT_CONVERSION = YES;
				CLANG_WARN_DIRECT_OBJC_ISA_USAGE = YES_ERROR;
				CLANG_WARN_EMPTY_BODY = YES;
				CLANG_WARN_ENUM_CONVERSION = YES;
				CLANG_WARN_INT_CONVERSION = YES;
				CLANG_WARN_OBJC_ROOT_CLASS = YES_ERROR;
				CLANG_WARN_UNREACHABLE_CODE = YES;
				CLANG_WARN__DUPLICATE_METHOD_MATCH = YES;
				CODE_SIGN_IDENTITY = "-";
				COPY_PHASE_STRIP = NO;
				DEBUG_INFORMATION_FORMAT = dwarf;
				ENABLE_STRICT_OBJC_MSGSEND = YES;
				ENABLE_TESTABILITY = YES;
				GCC_C_LANGUAGE_STANDARD = gnu99;
				GCC_DYNAMIC_NO_PIC = NO;
				GCC_NO_COMMON_BLOCKS = YES;
				GCC_OPTIMIZATION_LEVEL = 0;
				GCC_PREPROCESSOR_DEFINITIONS = (
					"DEBUG=1",
					"$(inherited)",
				);
				GCC_WARN_64_TO_32_BIT_CONVERSION = YES;
				GCC_WARN_ABOUT_RETURN_TYPE = YES_ERROR;
				GCC_WARN_UNDECLARED_SELECTOR = YES;
				GCC_WARN_UNINITIALIZED_AUTOS = YES_AGGRESSIVE;
				GCC_WARN_UNUSED_FUNCTION = YES;
				GCC_WARN_UNUSED_VARIABLE = YES;
				MACOSX_DEPLOYMENT_TARGET = 10.10;
				MTL_ENABLE_DEBUG_INFO = YES;
				ONLY_ACTIVE_ARCH = YES;
				SDKROOT = macosx;
				SWIFT_OPTIMIZATION_LEVEL = "-Onone";
			};
			name = Debug;
		};
		868751D81BB5D57200939585 /* Release */ = {
			isa = XCBuildConfiguration;
			buildSettings = {
				ALWAYS_SEARCH_USER_PATHS = NO;
				CLANG_CXX_LANGUAGE_STANDARD = "gnu++0x";
				CLANG_CXX_LIBRARY = "libc++";
				CLANG_ENABLE_MODULES = YES;
				CLANG_ENABLE_OBJC_ARC = YES;
				CLANG_WARN_BOOL_CONVERSION = YES;
				CLANG_WARN_CONSTANT_CONVERSION = YES;
				CLANG_WARN_DIRECT_OBJC_ISA_USAGE = YES_ERROR;
				CLANG_WARN_EMPTY_BODY = YES;
				CLANG_WARN_ENUM_CONVERSION = YES;
				CLANG_WARN_INT_CONVERSION = YES;
				CLANG_WARN_OBJC_ROOT_CLASS = YES_ERROR;
				CLANG_WARN_UNREACHABLE_CODE = YES;
				CLANG_WARN__DUPLICATE_METHOD_MATCH = YES;
				CODE_SIGN_IDENTITY = "-";
				COPY_PHASE_STRIP = NO;
				DEBUG_INFORMATION_FORMAT = "dwarf-with-dsym";
				ENABLE_NS_ASSERTIONS = NO;
				ENABLE_STRICT_OBJC_MSGSEND = YES;
				GCC_C_LANGUAGE_STANDARD = gnu99;
				GCC_NO_COMMON_BLOCKS = YES;
				GCC_WARN_64_TO_32_BIT_CONVERSION = YES;
				GCC_WARN_ABOUT_RETURN_TYPE = YES_ERROR;
				GCC_WARN_UNDECLARED_SELECTOR = YES;
				GCC_WARN_UNINITIALIZED_AUTOS = YES_AGGRESSIVE;
				GCC_WARN_UNUSED_FUNCTION = YES;
				GCC_WARN_UNUSED_VARIABLE = YES;
				MACOSX_DEPLOYMENT_TARGET = 10.10;
				MTL_ENABLE_DEBUG_INFO = NO;
				SDKROOT = macosx;
			};
			name = Release;
		};
		868751DA1BB5D57200939585 /* Debug */ = {
			isa = XCBuildConfiguration;
			buildSettings = {
				ASSETCATALOG_COMPILER_APPICON_NAME = AppIcon;
				COMBINE_HIDPI_IMAGES = YES;
				INFOPLIST_FILE = Geometries/Info.plist;
				LD_RUNPATH_SEARCH_PATHS = "$(inherited) @executable_path/../Frameworks";
				PRODUCT_BUNDLE_IDENTIFIER = com.ramsaycons.Geometries;
				PRODUCT_NAME = "$(TARGET_NAME)";
			};
			name = Debug;
		};
		868751DB1BB5D57200939585 /* Release */ = {
			isa = XCBuildConfiguration;
			buildSettings = {
				ASSETCATALOG_COMPILER_APPICON_NAME = AppIcon;
				COMBINE_HIDPI_IMAGES = YES;
				INFOPLIST_FILE = Geometries/Info.plist;
				LD_RUNPATH_SEARCH_PATHS = "$(inherited) @executable_path/../Frameworks";
				PRODUCT_BUNDLE_IDENTIFIER = com.ramsaycons.Geometries;
				PRODUCT_NAME = "$(TARGET_NAME)";
			};
			name = Release;
		};
/* End XCBuildConfiguration section */

/* Begin XCConfigurationList section */
		868751C51BB5D57200939585 /* Build configuration list for PBXProject "Geometries" */ = {
			isa = XCConfigurationList;
			buildConfigurations = (
				868751D71BB5D57200939585 /* Debug */,
				868751D81BB5D57200939585 /* Release */,
			);
			defaultConfigurationIsVisible = 0;
			defaultConfigurationName = Release;
		};
		868751D91BB5D57200939585 /* Build configuration list for PBXNativeTarget "Geometries" */ = {
			isa = XCConfigurationList;
			buildConfigurations = (
				868751DA1BB5D57200939585 /* Debug */,
				868751DB1BB5D57200939585 /* Release */,
			);
			defaultConfigurationIsVisible = 0;
			defaultConfigurationName = Release;
		};
/* End XCConfigurationList section */
	};
	rootObject = 868751C21BB5D57200939585 /* Project object */;
}
