// !$*UTF8*$!
{
	archiveVersion = 1;
	classes = {
	};
	objectVersion = 46;
	objects = {

/* Begin PBXBuildFile section */
		86280CBD1DDD5A2300BE3B6F /* Fire.scnp in Resources */ = {isa = PBXBuildFile; fileRef = 86280CBB1DDD5A2300BE3B6F /* Fire.scnp */; };
		86280CBE1DDD5A2300BE3B6F /* spark.png in Resources */ = {isa = PBXBuildFile; fileRef = 86280CBC1DDD5A2300BE3B6F /* spark.png */; };
		863478001D135B7E0058F510 /* OverlayScene.sks in Resources */ = {isa = PBXBuildFile; fileRef = 8672CC221C83CC2500E1DD5E /* OverlayScene.sks */; };
		86386F441E1A1468003B018D /* Satellite.swift in Sources */ = {isa = PBXBuildFile; fileRef = 86386F431E1A1468003B018D /* Satellite.swift */; };
		864A60041C82940D009D6C72 /* SceneView.swift in Sources */ = {isa = PBXBuildFile; fileRef = 864A60031C82940D009D6C72 /* SceneView.swift */; };
		8654A2D81DCEA70300D72606 /* Satellites.swift in Sources */ = {isa = PBXBuildFile; fileRef = 8654A2D71DCEA70300D72606 /* Satellites.swift */; };
		8654A2DA1DCEA72D00D72606 /* SatDownload.swift in Sources */ = {isa = PBXBuildFile; fileRef = 8654A2D91DCEA72D00D72606 /* SatDownload.swift */; };
		8654A2DC1DCEA73D00D72606 /* CacheManager.swift in Sources */ = {isa = PBXBuildFile; fileRef = 8654A2DB1DCEA73D00D72606 /* CacheManager.swift */; };
		866B422F1EB3BD6B0010D973 /* SatStore.swift in Sources */ = {isa = PBXBuildFile; fileRef = 866B422E1EB3BD6B0010D973 /* SatStore.swift */; };
		86757FAB1E46832500DD6780 /* Extensions.swift in Sources */ = {isa = PBXBuildFile; fileRef = 86757FAA1E46832500DD6780 /* Extensions.swift */; };
		868751CE1BB5D57200939585 /* AppDelegate.swift in Sources */ = {isa = PBXBuildFile; fileRef = 868751CD1BB5D57200939585 /* AppDelegate.swift */; };
		868751D01BB5D57200939585 /* ViewController.swift in Sources */ = {isa = PBXBuildFile; fileRef = 868751CF1BB5D57200939585 /* ViewController.swift */; };
		868751D21BB5D57200939585 /* Assets.xcassets in Resources */ = {isa = PBXBuildFile; fileRef = 868751D11BB5D57200939585 /* Assets.xcassets */; };
		868751D51BB5D57200939585 /* Main.storyboard in Resources */ = {isa = PBXBuildFile; fileRef = 868751D31BB5D57200939585 /* Main.storyboard */; };
		86890D6C1C8010820046CF12 /* OverlayScene.swift in Sources */ = {isa = PBXBuildFile; fileRef = 86890D6B1C8010820046CF12 /* OverlayScene.swift */; };
		86AC768C1DC96A91002CFFD7 /* SatKit.framework in Frameworks */ = {isa = PBXBuildFile; fileRef = 86AC76891DC96A71002CFFD7 /* SatKit.framework */; };
		86AC768D1DC96A91002CFFD7 /* SatKit.framework in Embed Frameworks */ = {isa = PBXBuildFile; fileRef = 86AC76891DC96A71002CFFD7 /* SatKit.framework */; settings = {ATTRIBUTES = (CodeSignOnCopy, RemoveHeadersOnCopy, ); }; };
		86AF6AE61EECE3AD004EBEFA /* SceneConstruction.swift in Sources */ = {isa = PBXBuildFile; fileRef = 86B5D13F1E751260002DB9B1 /* SceneConstruction.swift */; };
		86BE7E241EEC876700475431 /* coast.vector in Resources */ = {isa = PBXBuildFile; fileRef = 86BE7E221EEC876700475431 /* coast.vector */; };
		86BE7E251EEC876700475431 /* grids.vector in Resources */ = {isa = PBXBuildFile; fileRef = 86BE7E231EEC876700475431 /* grids.vector */; };
		86D31DE21EECDCAA00577042 /* Geometries.swift in Sources */ = {isa = PBXBuildFile; fileRef = 86D31DE11EECDCAA00577042 /* Geometries.swift */; };
/* End PBXBuildFile section */

/* Begin PBXContainerItemProxy section */
		86AC76881DC96A71002CFFD7 /* PBXContainerItemProxy */ = {
			isa = PBXContainerItemProxy;
			containerPortal = 86AC76831DC96A71002CFFD7 /* SatKit.xcodeproj */;
			proxyType = 2;
			remoteGlobalIDString = 861C592B1943B11500A83262;
			remoteInfo = SatKit;
		};
		86AC768A1DC96A71002CFFD7 /* PBXContainerItemProxy */ = {
			isa = PBXContainerItemProxy;
			containerPortal = 86AC76831DC96A71002CFFD7 /* SatKit.xcodeproj */;
			proxyType = 2;
			remoteGlobalIDString = 861C59361943B11500A83262;
			remoteInfo = SatKitTests;
		};
		86AC768E1DC96A91002CFFD7 /* PBXContainerItemProxy */ = {
			isa = PBXContainerItemProxy;
			containerPortal = 86AC76831DC96A71002CFFD7 /* SatKit.xcodeproj */;
			proxyType = 1;
			remoteGlobalIDString = 861C592A1943B11500A83262;
			remoteInfo = SatKit;
		};
/* End PBXContainerItemProxy section */

/* Begin PBXCopyFilesBuildPhase section */
		86AC76901DC96A91002CFFD7 /* Embed Frameworks */ = {
			isa = PBXCopyFilesBuildPhase;
			buildActionMask = 2147483647;
			dstPath = "";
			dstSubfolderSpec = 10;
			files = (
				86AC768D1DC96A91002CFFD7 /* SatKit.framework in Embed Frameworks */,
			);
			name = "Embed Frameworks";
			runOnlyForDeploymentPostprocessing = 0;
		};
/* End PBXCopyFilesBuildPhase section */

/* Begin PBXFileReference section */
		86280CBB1DDD5A2300BE3B6F /* Fire.scnp */ = {isa = PBXFileReference; lastKnownFileType = file.scp; path = Fire.scnp; sourceTree = "<group>"; };
		86280CBC1DDD5A2300BE3B6F /* spark.png */ = {isa = PBXFileReference; lastKnownFileType = image.png; path = spark.png; sourceTree = "<group>"; };
		86386F431E1A1468003B018D /* Satellite.swift */ = {isa = PBXFileReference; fileEncoding = 4; lastKnownFileType = sourcecode.swift; path = Satellite.swift; sourceTree = "<group>"; };
		864A60031C82940D009D6C72 /* SceneView.swift */ = {isa = PBXFileReference; fileEncoding = 4; lastKnownFileType = sourcecode.swift; path = SceneView.swift; sourceTree = "<group>"; };
		8654A2D71DCEA70300D72606 /* Satellites.swift */ = {isa = PBXFileReference; fileEncoding = 4; lastKnownFileType = sourcecode.swift; name = Satellites.swift; path = ../../DEMOS/DemosKit/Satellites.swift; sourceTree = "<group>"; };
		8654A2D91DCEA72D00D72606 /* SatDownload.swift */ = {isa = PBXFileReference; fileEncoding = 4; lastKnownFileType = sourcecode.swift; name = SatDownload.swift; path = ../../DEMOS/DemosKit/SatDownload.swift; sourceTree = "<group>"; };
		8654A2DB1DCEA73D00D72606 /* CacheManager.swift */ = {isa = PBXFileReference; fileEncoding = 4; lastKnownFileType = sourcecode.swift; name = CacheManager.swift; path = ../../DEMOS/DemosKit/CacheManager.swift; sourceTree = "<group>"; };
		866B422E1EB3BD6B0010D973 /* SatStore.swift */ = {isa = PBXFileReference; fileEncoding = 4; lastKnownFileType = sourcecode.swift; name = SatStore.swift; path = ../../DEMOS/DemosKit/SatStore.swift; sourceTree = "<group>"; };
		8672CC221C83CC2500E1DD5E /* OverlayScene.sks */ = {isa = PBXFileReference; lastKnownFileType = file.sks; path = OverlayScene.sks; sourceTree = "<group>"; };
		86757FAA1E46832500DD6780 /* Extensions.swift */ = {isa = PBXFileReference; fileEncoding = 4; lastKnownFileType = sourcecode.swift; path = Extensions.swift; sourceTree = "<group>"; };
		868751CA1BB5D57200939585 /* Geometries.app */ = {isa = PBXFileReference; explicitFileType = wrapper.application; includeInIndex = 0; path = Geometries.app; sourceTree = BUILT_PRODUCTS_DIR; };
		868751CD1BB5D57200939585 /* AppDelegate.swift */ = {isa = PBXFileReference; lastKnownFileType = sourcecode.swift; path = AppDelegate.swift; sourceTree = "<group>"; };
		868751CF1BB5D57200939585 /* ViewController.swift */ = {isa = PBXFileReference; lastKnownFileType = sourcecode.swift; path = ViewController.swift; sourceTree = "<group>"; };
		868751D11BB5D57200939585 /* Assets.xcassets */ = {isa = PBXFileReference; lastKnownFileType = folder.assetcatalog; path = Assets.xcassets; sourceTree = "<group>"; };
		868751D41BB5D57200939585 /* Base */ = {isa = PBXFileReference; lastKnownFileType = file.storyboard; name = Base; path = Base.lproj/Main.storyboard; sourceTree = "<group>"; };
		868751D61BB5D57200939585 /* Info.plist */ = {isa = PBXFileReference; lastKnownFileType = text.plist.xml; path = Info.plist; sourceTree = "<group>"; };
		86890D6B1C8010820046CF12 /* OverlayScene.swift */ = {isa = PBXFileReference; fileEncoding = 4; lastKnownFileType = sourcecode.swift; path = OverlayScene.swift; sourceTree = "<group>"; };
		86AC52D61DD648240004CBFC /* script.sh */ = {isa = PBXFileReference; lastKnownFileType = text.script.sh; name = script.sh; path = "Build-Phases/script.sh"; sourceTree = SOURCE_ROOT; };
		86AC76831DC96A71002CFFD7 /* SatKit.xcodeproj */ = {isa = PBXFileReference; lastKnownFileType = "wrapper.pb-project"; name = SatKit.xcodeproj; path = ../SatKit/SatKit.xcodeproj; sourceTree = "<group>"; };
		86B5D13F1E751260002DB9B1 /* SceneConstruction.swift */ = {isa = PBXFileReference; fileEncoding = 4; lastKnownFileType = sourcecode.swift; path = SceneConstruction.swift; sourceTree = "<group>"; };
		86BE7E221EEC876700475431 /* coast.vector */ = {isa = PBXFileReference; fileEncoding = 4; lastKnownFileType = text; path = coast.vector; sourceTree = "<group>"; };
		86BE7E231EEC876700475431 /* grids.vector */ = {isa = PBXFileReference; lastKnownFileType = file; path = grids.vector; sourceTree = "<group>"; };
		86D31DE11EECDCAA00577042 /* Geometries.swift */ = {isa = PBXFileReference; fileEncoding = 4; lastKnownFileType = sourcecode.swift; path = Geometries.swift; sourceTree = "<group>"; };
/* End PBXFileReference section */

/* Begin PBXFrameworksBuildPhase section */
		868751C71BB5D57200939585 /* Frameworks */ = {
			isa = PBXFrameworksBuildPhase;
			buildActionMask = 2147483647;
			files = (
				86AC768C1DC96A91002CFFD7 /* SatKit.framework in Frameworks */,
			);
			runOnlyForDeploymentPostprocessing = 0;
		};
/* End PBXFrameworksBuildPhase section */

/* Begin PBXGroup section */
		861707EA1EECDF4300FD67EC /* Sources */ = {
			isa = PBXGroup;
			children = (
				868751CD1BB5D57200939585 /* AppDelegate.swift */,
				868751CF1BB5D57200939585 /* ViewController.swift */,
				864A60031C82940D009D6C72 /* SceneView.swift */,
				86B5D13F1E751260002DB9B1 /* SceneConstruction.swift */,
				86D31DE11EECDCAA00577042 /* Geometries.swift */,
				86386F431E1A1468003B018D /* Satellite.swift */,
				86890D6B1C8010820046CF12 /* OverlayScene.swift */,
				861707EB1EECDF7900FD67EC /* Utility */,
			);
			path = Sources;
			sourceTree = "<group>";
		};
		861707EB1EECDF7900FD67EC /* Utility */ = {
			isa = PBXGroup;
			children = (
				86757FAA1E46832500DD6780 /* Extensions.swift */,
			);
			path = Utility;
			sourceTree = "<group>";
		};
		86280CB91DDD590B00BE3B6F /* Particles */ = {
			isa = PBXGroup;
			children = (
				86280CBB1DDD5A2300BE3B6F /* Fire.scnp */,
				86280CBC1DDD5A2300BE3B6F /* spark.png */,
			);
			name = Particles;
			sourceTree = "<group>";
		};
		864801B51DD643D8003C49CB /* Build-Phases */ = {
			isa = PBXGroup;
			children = (
				86AC52D61DD648240004CBFC /* script.sh */,
			);
			name = "Build-Phases";
			path = "Geometries/Build-Phases";
			sourceTree = "<group>";
		};
		8654A2D51DCEA6E700D72606 /* DemosKit */ = {
			isa = PBXGroup;
			children = (
				8654A2D71DCEA70300D72606 /* Satellites.swift */,
				866B422E1EB3BD6B0010D973 /* SatStore.swift */,
				8654A2D91DCEA72D00D72606 /* SatDownload.swift */,
				8654A2DB1DCEA73D00D72606 /* CacheManager.swift */,
			);
			name = DemosKit;
			sourceTree = "<group>";
		};
		868751C11BB5D57200939585 = {
			isa = PBXGroup;
			children = (
				864801B51DD643D8003C49CB /* Build-Phases */,
				868751CC1BB5D57200939585 /* Geometries */,
				86AC76831DC96A71002CFFD7 /* SatKit.xcodeproj */,
				868751CB1BB5D57200939585 /* Products */,
			);
			sourceTree = "<group>";
		};
		868751CB1BB5D57200939585 /* Products */ = {
			isa = PBXGroup;
			children = (
				868751CA1BB5D57200939585 /* Geometries.app */,
			);
			name = Products;
			sourceTree = "<group>";
		};
		868751CC1BB5D57200939585 /* Geometries */ = {
			isa = PBXGroup;
			children = (
				861707EA1EECDF4300FD67EC /* Sources */,
				8654A2D51DCEA6E700D72606 /* DemosKit */,
				8672CC221C83CC2500E1DD5E /* OverlayScene.sks */,
				868751D11BB5D57200939585 /* Assets.xcassets */,
				868751D31BB5D57200939585 /* Main.storyboard */,
				86BE7E221EEC876700475431 /* coast.vector */,
				86BE7E231EEC876700475431 /* grids.vector */,
				86280CB91DDD590B00BE3B6F /* Particles */,
				868751D61BB5D57200939585 /* Info.plist */,
			);
			path = Geometries;
			sourceTree = "<group>";
		};
		86AC76841DC96A71002CFFD7 /* Products */ = {
			isa = PBXGroup;
			children = (
				86AC76891DC96A71002CFFD7 /* SatKit.framework */,
				86AC768B1DC96A71002CFFD7 /* SatKitTests.xctest */,
			);
			name = Products;
			sourceTree = "<group>";
		};
/* End PBXGroup section */

/* Begin PBXNativeTarget section */
		868751C91BB5D57200939585 /* Geometries */ = {
			isa = PBXNativeTarget;
			buildConfigurationList = 868751D91BB5D57200939585 /* Build configuration list for PBXNativeTarget "Geometries" */;
			buildPhases = (
				864801B31DD64256003C49CB /* Setup Script */,
				868751C61BB5D57200939585 /* Sources */,
				868751C71BB5D57200939585 /* Frameworks */,
				868751C81BB5D57200939585 /* Resources */,
				86AC76901DC96A91002CFFD7 /* Embed Frameworks */,
				8613487B1E3CD83000195B6F /* ShellScript */,
			);
			buildRules = (
			);
			dependencies = (
				86AC768F1DC96A91002CFFD7 /* PBXTargetDependency */,
			);
			name = Geometries;
			productName = Geometries;
			productReference = 868751CA1BB5D57200939585 /* Geometries.app */;
			productType = "com.apple.product-type.application";
		};
/* End PBXNativeTarget section */

/* Begin PBXProject section */
		868751C21BB5D57200939585 /* Project object */ = {
			isa = PBXProject;
			attributes = {
				LastUpgradeCheck = 0820;
				ORGANIZATIONNAME = "Gavin Eadie";
				TargetAttributes = {
					868751C91BB5D57200939585 = {
						CreatedOnToolsVersion = 7.0;
						DevelopmentTeam = CXE9ZR7J3U;
						LastSwiftMigration = 0820;
						ProvisioningStyle = Automatic;
					};
				};
			};
			buildConfigurationList = 868751C51BB5D57200939585 /* Build configuration list for PBXProject "Geometries" */;
			compatibilityVersion = "Xcode 3.2";
			developmentRegion = English;
			hasScannedForEncodings = 0;
			knownRegions = (
				en,
				Base,
			);
			mainGroup = 868751C11BB5D57200939585;
			productRefGroup = 868751CB1BB5D57200939585 /* Products */;
			projectDirPath = "";
			projectReferences = (
				{
					ProductGroup = 86AC76841DC96A71002CFFD7 /* Products */;
					ProjectRef = 86AC76831DC96A71002CFFD7 /* SatKit.xcodeproj */;
				},
			);
			projectRoot = "";
			targets = (
				868751C91BB5D57200939585 /* Geometries */,
			);
		};
/* End PBXProject section */

/* Begin PBXReferenceProxy section */
		86AC76891DC96A71002CFFD7 /* SatKit.framework */ = {
			isa = PBXReferenceProxy;
			fileType = wrapper.framework;
			path = SatKit.framework;
			remoteRef = 86AC76881DC96A71002CFFD7 /* PBXContainerItemProxy */;
			sourceTree = BUILT_PRODUCTS_DIR;
		};
		86AC768B1DC96A71002CFFD7 /* SatKitTests.xctest */ = {
			isa = PBXReferenceProxy;
			fileType = wrapper.cfbundle;
			path = SatKitTests.xctest;
			remoteRef = 86AC768A1DC96A71002CFFD7 /* PBXContainerItemProxy */;
			sourceTree = BUILT_PRODUCTS_DIR;
		};
/* End PBXReferenceProxy section */

/* Begin PBXResourcesBuildPhase section */
		868751C81BB5D57200939585 /* Resources */ = {
			isa = PBXResourcesBuildPhase;
			buildActionMask = 2147483647;
			files = (
				86BE7E241EEC876700475431 /* coast.vector in Resources */,
				868751D21BB5D57200939585 /* Assets.xcassets in Resources */,
				86280CBE1DDD5A2300BE3B6F /* spark.png in Resources */,
				868751D51BB5D57200939585 /* Main.storyboard in Resources */,
				863478001D135B7E0058F510 /* OverlayScene.sks in Resources */,
				86280CBD1DDD5A2300BE3B6F /* Fire.scnp in Resources */,
				86BE7E251EEC876700475431 /* grids.vector in Resources */,
			);
			runOnlyForDeploymentPostprocessing = 0;
		};
/* End PBXResourcesBuildPhase section */

/* Begin PBXShellScriptBuildPhase section */
		8613487B1E3CD83000195B6F /* ShellScript */ = {
			isa = PBXShellScriptBuildPhase;
			buildActionMask = 2147483647;
			files = (
			);
			inputPaths = (
			);
			outputPaths = (
			);
			runOnlyForDeploymentPostprocessing = 0;
			shellPath = /bin/sh;
			shellScript = "if which swiftlint >/dev/null; then\n   swiftlint\nelse\n   echo \"warning: SwiftLint not installed, download from https://github.com/realm/SwiftLint\"\nfi";
		};
		864801B31DD64256003C49CB /* Setup Script */ = {
			isa = PBXShellScriptBuildPhase;
			buildActionMask = 2147483647;
			files = (
			);
			inputPaths = (
			);
			name = "Setup Script";
			outputPaths = (
			);
			runOnlyForDeploymentPostprocessing = 0;
			shellPath = /bin/bash;
			shellScript = "$SRCROOT/Build-Phases/script.sh";
		};
/* End PBXShellScriptBuildPhase section */

/* Begin PBXSourcesBuildPhase section */
		868751C61BB5D57200939585 /* Sources */ = {
			isa = PBXSourcesBuildPhase;
			buildActionMask = 2147483647;
			files = (
				868751D01BB5D57200939585 /* ViewController.swift in Sources */,
				86757FAB1E46832500DD6780 /* Extensions.swift in Sources */,
				86D31DE21EECDCAA00577042 /* Geometries.swift in Sources */,
				86AF6AE61EECE3AD004EBEFA /* SceneConstruction.swift in Sources */,
				86386F441E1A1468003B018D /* Satellite.swift in Sources */,
				864A60041C82940D009D6C72 /* SceneView.swift in Sources */,
				8654A2DA1DCEA72D00D72606 /* SatDownload.swift in Sources */,
				866B422F1EB3BD6B0010D973 /* SatStore.swift in Sources */,
				8654A2D81DCEA70300D72606 /* Satellites.swift in Sources */,
				86890D6C1C8010820046CF12 /* OverlayScene.swift in Sources */,
				868751CE1BB5D57200939585 /* AppDelegate.swift in Sources */,
				8654A2DC1DCEA73D00D72606 /* CacheManager.swift in Sources */,
			);
			runOnlyForDeploymentPostprocessing = 0;
		};
/* End PBXSourcesBuildPhase section */

/* Begin PBXTargetDependency section */
		86AC768F1DC96A91002CFFD7 /* PBXTargetDependency */ = {
			isa = PBXTargetDependency;
			name = SatKit;
			targetProxy = 86AC768E1DC96A91002CFFD7 /* PBXContainerItemProxy */;
		};
/* End PBXTargetDependency section */

/* Begin PBXVariantGroup section */
		868751D31BB5D57200939585 /* Main.storyboard */ = {
			isa = PBXVariantGroup;
			children = (
				868751D41BB5D57200939585 /* Base */,
			);
			name = Main.storyboard;
			sourceTree = "<group>";
		};
/* End PBXVariantGroup section */

/* Begin XCBuildConfiguration section */
		868751D71BB5D57200939585 /* Debug */ = {
			isa = XCBuildConfiguration;
			buildSettings = {
				CLANG_WARN_BOOL_CONVERSION = YES;
				CLANG_WARN_CONSTANT_CONVERSION = YES;
				CLANG_WARN_EMPTY_BODY = YES;
				CLANG_WARN_ENUM_CONVERSION = YES;
				CLANG_WARN_INFINITE_RECURSION = YES;
				CLANG_WARN_INT_CONVERSION = YES;
				CLANG_WARN_SUSPICIOUS_MOVE = YES;
				CLANG_WARN_UNREACHABLE_CODE = YES;
				CLANG_WARN__DUPLICATE_METHOD_MATCH = YES;
				ENABLE_STRICT_OBJC_MSGSEND = YES;
				ENABLE_TESTABILITY = YES;
				GCC_NO_COMMON_BLOCKS = YES;
				GCC_OPTIMIZATION_LEVEL = 0;
				GCC_PREPROCESSOR_DEFINITIONS = (
					"DEBUG=1",
					"$(inherited)",
				);
				GCC_WARN_64_TO_32_BIT_CONVERSION = YES;
				GCC_WARN_ABOUT_RETURN_TYPE = YES;
				GCC_WARN_UNDECLARED_SELECTOR = YES;
				GCC_WARN_UNINITIALIZED_AUTOS = YES;
				GCC_WARN_UNUSED_FUNCTION = YES;
				GCC_WARN_UNUSED_VARIABLE = YES;
				MACOSX_DEPLOYMENT_TARGET = 10.10;
				ONLY_ACTIVE_ARCH = YES;
				SWIFT_OPTIMIZATION_LEVEL = "-Onone";
			};
			name = Debug;
		};
		868751D81BB5D57200939585 /* Release */ = {
			isa = XCBuildConfiguration;
			buildSettings = {
				CLANG_WARN_BOOL_CONVERSION = YES;
				CLANG_WARN_CONSTANT_CONVERSION = YES;
				CLANG_WARN_EMPTY_BODY = YES;
				CLANG_WARN_ENUM_CONVERSION = YES;
				CLANG_WARN_INFINITE_RECURSION = YES;
				CLANG_WARN_INT_CONVERSION = YES;
				CLANG_WARN_SUSPICIOUS_MOVE = YES;
				CLANG_WARN_UNREACHABLE_CODE = YES;
				CLANG_WARN__DUPLICATE_METHOD_MATCH = YES;
				ENABLE_NS_ASSERTIONS = NO;
				ENABLE_STRICT_OBJC_MSGSEND = YES;
				GCC_NO_COMMON_BLOCKS = YES;
				GCC_WARN_64_TO_32_BIT_CONVERSION = YES;
				GCC_WARN_ABOUT_RETURN_TYPE = YES;
				GCC_WARN_UNDECLARED_SELECTOR = YES;
				GCC_WARN_UNINITIALIZED_AUTOS = YES;
				GCC_WARN_UNUSED_FUNCTION = YES;
				GCC_WARN_UNUSED_VARIABLE = YES;
				MACOSX_DEPLOYMENT_TARGET = 10.10;
			};
			name = Release;
		};
		868751DA1BB5D57200939585 /* Debug */ = {
			isa = XCBuildConfiguration;
			buildSettings = {
				ALWAYS_EMBED_SWIFT_STANDARD_LIBRARIES = YES;
				ASSETCATALOG_COMPILER_APPICON_NAME = AppIcon;
				CODE_SIGN_IDENTITY = "Mac Developer";
				COMBINE_HIDPI_IMAGES = YES;
				DEVELOPMENT_TEAM = CXE9ZR7J3U;
				INFOPLIST_FILE = Geometries/Info.plist;
				LD_RUNPATH_SEARCH_PATHS = "$(inherited) @executable_path/../Frameworks";
				MACOSX_DEPLOYMENT_TARGET = 10.10;
				PRODUCT_BUNDLE_IDENTIFIER = com.ramsaycons.Geometries;
				PRODUCT_NAME = "$(TARGET_NAME)";
				SWIFT_VERSION = 3.0;
			};
			name = Debug;
		};
		868751DB1BB5D57200939585 /* Release */ = {
			isa = XCBuildConfiguration;
			buildSettings = {
				ALWAYS_EMBED_SWIFT_STANDARD_LIBRARIES = YES;
				ASSETCATALOG_COMPILER_APPICON_NAME = AppIcon;
				CODE_SIGN_IDENTITY = "Mac Developer";
				COMBINE_HIDPI_IMAGES = YES;
				DEVELOPMENT_TEAM = CXE9ZR7J3U;
				INFOPLIST_FILE = Geometries/Info.plist;
				LD_RUNPATH_SEARCH_PATHS = "$(inherited) @executable_path/../Frameworks";
				MACOSX_DEPLOYMENT_TARGET = 10.10;
				PRODUCT_BUNDLE_IDENTIFIER = com.ramsaycons.Geometries;
				PRODUCT_NAME = "$(TARGET_NAME)";
				SWIFT_OPTIMIZATION_LEVEL = "-Owholemodule";
				SWIFT_VERSION = 3.0;
			};
			name = Release;
		};
/* End XCBuildConfiguration section */

/* Begin XCConfigurationList section */
		868751C51BB5D57200939585 /* Build configuration list for PBXProject "Geometries" */ = {
			isa = XCConfigurationList;
			buildConfigurations = (
				868751D71BB5D57200939585 /* Debug */,
				868751D81BB5D57200939585 /* Release */,
			);
			defaultConfigurationIsVisible = 0;
			defaultConfigurationName = Release;
		};
		868751D91BB5D57200939585 /* Build configuration list for PBXNativeTarget "Geometries" */ = {
			isa = XCConfigurationList;
			buildConfigurations = (
				868751DA1BB5D57200939585 /* Debug */,
				868751DB1BB5D57200939585 /* Release */,
			);
			defaultConfigurationIsVisible = 0;
			defaultConfigurationName = Release;
		};
/* End XCConfigurationList section */
	};
	rootObject = 868751C21BB5D57200939585 /* Project object */;
}
